
Microsoft Visual Studio Solution File, Format Version 12.00
# Visual Studio Version 16
VisualStudioVersion = 16.0.30804.86
MinimumVisualStudioVersion = 10.0.40219.1
Project("{9A19103F-16F7-4668-BE54-9A1E7A4F7556}") = "LDtkMonogame", "LDtkMonogame\LDtkMonogame.csproj", "{ED775220-9938-4833-AA11-207B0DAF9B92}"
EndProject
Project("{9A19103F-16F7-4668-BE54-9A1E7A4F7556}") = "Platformer", "LDtkMonogame.Examples\Platformer\Platformer.csproj", "{4B73B916-3883-439E-A464-A451D2F07D47}"
EndProject
Project("{9A19103F-16F7-4668-BE54-9A1E7A4F7556}") = "LDtkMonogame.ContentPipeline", "LDtkMonogame.ContentPipeline\LDtkMonogame.ContentPipeline.csproj", "{330EC38E-A5AB-4E94-B784-99778FF7AC0F}"
EndProject
Global
	GlobalSection(SolutionConfigurationPlatforms) = preSolution
		Debug|Any CPU = Debug|Any CPU
		Release|Any CPU = Release|Any CPU
	EndGlobalSection
	GlobalSection(ProjectConfigurationPlatforms) = postSolution
		{ED775220-9938-4833-AA11-207B0DAF9B92}.Debug|Any CPU.ActiveCfg = Debug|Any CPU
		{ED775220-9938-4833-AA11-207B0DAF9B92}.Debug|Any CPU.Build.0 = Debug|Any CPU
		{ED775220-9938-4833-AA11-207B0DAF9B92}.Release|Any CPU.ActiveCfg = Release|Any CPU
		{ED775220-9938-4833-AA11-207B0DAF9B92}.Release|Any CPU.Build.0 = Release|Any CPU
		{4B73B916-3883-439E-A464-A451D2F07D47}.Debug|Any CPU.ActiveCfg = Debug|Any CPU
		{4B73B916-3883-439E-A464-A451D2F07D47}.Debug|Any CPU.Build.0 = Debug|Any CPU
		{4B73B916-3883-439E-A464-A451D2F07D47}.Release|Any CPU.ActiveCfg = Release|Any CPU
		{4B73B916-3883-439E-A464-A451D2F07D47}.Release|Any CPU.Build.0 = Release|Any CPU
		{330EC38E-A5AB-4E94-B784-99778FF7AC0F}.Debug|Any CPU.ActiveCfg = Debug|Any CPU
		{330EC38E-A5AB-4E94-B784-99778FF7AC0F}.Debug|Any CPU.Build.0 = Debug|Any CPU
		{330EC38E-A5AB-4E94-B784-99778FF7AC0F}.Release|Any CPU.ActiveCfg = Release|Any CPU
		{330EC38E-A5AB-4E94-B784-99778FF7AC0F}.Release|Any CPU.Build.0 = Release|Any CPU
	EndGlobalSection
	GlobalSection(SolutionProperties) = preSolution
		HideSolutionNode = FALSE
	EndGlobalSection
	GlobalSection(ExtensibilityGlobals) = postSolution
		SolutionGuid = {F97D3879-AB2B-4226-AF56-BE838D7D8378}
	EndGlobalSection
EndGlobal
